
Microsoft Visual Studio Solution File, Format Version 12.00
# Visual Studio Version 16
VisualStudioVersion = 16.0.31129.286
MinimumVisualStudioVersion = 10.0.40219.1
Project("{FAE04EC0-301F-11D3-BF4B-00C04F79EFBC}") = "IPStresser", "IPStresser\IPStresser.csproj", "{C9A5D177-0D34-4CBF-AA13-5CC9ECE0EEF5}"
EndProject
Global
	GlobalSection(SolutionConfigurationPlatforms) = preSolution
		Debug|Any CPU = Debug|Any CPU
		Release|Any CPU = Release|Any CPU
	EndGlobalSection
	GlobalSection(ProjectConfigurationPlatforms) = postSolution
		{C9A5D177-0D34-4CBF-AA13-5CC9ECE0EEF5}.Debug|Any CPU.ActiveCfg = Debug|Any CPU
		{C9A5D177-0D34-4CBF-AA13-5CC9ECE0EEF5}.Debug|Any CPU.Build.0 = Debug|Any CPU
		{C9A5D177-0D34-4CBF-AA13-5CC9ECE0EEF5}.Release|Any CPU.ActiveCfg = Release|Any CPU
		{C9A5D177-0D34-4CBF-AA13-5CC9ECE0EEF5}.Release|Any CPU.Build.0 = Release|Any CPU
	EndGlobalSection
	GlobalSection(SolutionProperties) = preSolution
		HideSolutionNode = FALSE
	EndGlobalSection
	GlobalSection(ExtensibilityGlobals) = postSolution
		SolutionGuid = {3AD2FEED-540C-406B-BCF5-6D775D89A8AB}
	EndGlobalSection
EndGlobal
